<?xml version="1.0" encoding="utf-8"?>
<Project ToolsVersion="15.0" xmlns="http://schemas.microsoft.com/developer/msbuild/2003">
  <ItemGroup>
    <ClCompile Include="Buffer.cpp" />
    <ClCompile Include="shaders.cpp" />
    <ClCompile Include="main.cpp" />
    <ClCompile Include="Sprite.cpp" />
    <ClCompile Include="AlienCrab.cpp" />
    <ClCompile Include="AlienSquid.cpp" />
    <ClCompile Include="AlienOctopus.cpp" />
    <ClCompile Include="Game.cpp" />
    <ClCompile Include="Alien.cpp" />
    <ClCompile Include="Bullet.cpp" />
    <ClCompile Include="Player.cpp" />
    <ClCompile Include="AlienFactory.cpp" />
  </ItemGroup>
  <ItemGroup>
    <ClInclude Include="Buffer.h" />
    <ClInclude Include="PlayerSprite.h" />
    <ClInclude Include="shaders.h" />
    <ClInclude Include="Sprite.h" />
    <ClInclude Include="AlienCrab.h" />
    <ClInclude Include="AlienSquid.h" />
    <ClInclude Include="AlienOctopus.h" />
    <ClInclude Include="Game.h" />
    <ClInclude Include="Alien.h" />
    <ClInclude Include="GameConfig.h" />
    <ClInclude Include="Formatter.h" />
    <ClInclude Include="Bullet.h" />
    <ClInclude Include="Player.h" />
    <ClInclude Include="IDrawable.h" />
    <ClInclude Include="AlienFactory.h" />
  </ItemGroup>
  <ItemGroup>
    <None Include="fragment_shader.fs" />
    <None Include="vertex_shader.vs" />
  </ItemGroup>
</Project>